{
  "version": 4,
  "terraform_version": "1.1.3",
  "serial": 12,
  "lineage": "4feeed76-1c60-d851-f30d-cf26ccd7bc89",
  "outputs": {},
  "resources": [
    {
      "mode": "data",
      "type": "aws_caller_identity",
      "name": "user1",
      "provider": "provider[\"registry.terraform.io/hashicorp/aws\"]",
      "instances": [
        {
          "schema_version": 0,
          "attributes": {
            "account_id": "293955714039",
            "arn": "arn:aws:iam::293955714039:root",
            "id": "293955714039",
            "user_id": "293955714039"
          },
          "sensitive_attributes": []
        }
      ]
    },
    {
      "mode": "data",
      "type": "aws_caller_identity",
      "name": "user2",
      "provider": "provider[\"registry.terraform.io/hashicorp/aws\"].user2",
      "instances": [
        {
          "schema_version": 0,
          "attributes": {
            "account_id": "738087856818",
            "arn": "arn:aws:iam::738087856818:root",
            "id": "738087856818",
            "user_id": "738087856818"
          },
          "sensitive_attributes": []
        }
      ]
    },
    {
      "mode": "managed",
      "type": "aws_iam_policy",
      "name": "s3_list_all",
      "provider": "provider[\"registry.terraform.io/hashicorp/aws\"].user2",
      "instances": [
        {
          "schema_version": 0,
          "attributes": {
            "arn": "arn:aws:iam::738087856818:policy/s3_list_all",
            "description": "allows listing all s3 buckets",
            "id": "arn:aws:iam::738087856818:policy/s3_list_all",
            "name": "s3_list_all",
            "name_prefix": null,
            "path": "/",
            "policy": "{\"Statement\":[{\"Action\":\"s3:ListAllMyBuckets\",\"Effect\":\"Allow\",\"Resource\":\"*\"}],\"Version\":\"2012-10-17\"}",
            "policy_id": "ANPA2XWLW5KZIL2UCJUPC",
            "tags": {},
            "tags_all": {}
          },
          "sensitive_attributes": [],
          "private": "bnVsbA=="
        }
      ]
    },
    {
      "mode": "managed",
      "type": "aws_iam_policy",
      "name": "user2_s3",
      "provider": "provider[\"registry.terraform.io/hashicorp/aws\"]",
      "instances": [
        {
          "schema_version": 0,
          "attributes": {
            "arn": "arn:aws:iam::293955714039:policy/user2_s3",
            "description": "allow assuming user2_s3 role",
            "id": "arn:aws:iam::293955714039:policy/user2_s3",
            "name": "user2_s3",
            "name_prefix": null,
            "path": "/",
            "policy": "{\"Statement\":[{\"Action\":\"sts:AssumeRole\",\"Effect\":\"Allow\",\"Resource\":\"arn:aws:iam::738087856818:role/s3-list-role\"}],\"Version\":\"2012-10-17\"}",
            "policy_id": "ANPAUI4JAHP33DRDTFSXZ",
            "tags": {},
            "tags_all": {}
          },
          "sensitive_attributes": [],
          "private": "bnVsbA==",
          "dependencies": [
            "aws_iam_role.user2_list_s3",
            "data.aws_caller_identity.user1",
            "data.aws_caller_identity.user2"
          ]
        }
      ]
    },
    {
      "mode": "managed",
      "type": "aws_iam_policy_attachment",
      "name": "s3_list_all",
      "provider": "provider[\"registry.terraform.io/hashicorp/aws\"].user2",
      "instances": [
        {
          "schema_version": 0,
          "attributes": {
            "groups": [],
            "id": "list s3 buckets policy to role",
            "name": "list s3 buckets policy to role",
            "policy_arn": "arn:aws:iam::738087856818:policy/s3_list_all",
            "roles": [
              "s3-list-role"
            ],
            "users": []
          },
          "sensitive_attributes": [],
          "private": "bnVsbA==",
          "dependencies": [
            "aws_iam_policy.s3_list_all",
            "aws_iam_role.user2_list_s3",
            "data.aws_caller_identity.user1"
          ]
        }
      ]
    },
    {
      "mode": "managed",
      "type": "aws_iam_role",
      "name": "user2_list_s3",
      "provider": "provider[\"registry.terraform.io/hashicorp/aws\"].user2",
      "instances": [
        {
          "schema_version": 0,
          "attributes": {
            "arn": "arn:aws:iam::738087856818:role/s3-list-role",
            "assume_role_policy": "{\"Version\":\"2012-10-17\",\"Statement\":[{\"Effect\":\"Allow\",\"Principal\":{\"AWS\":\"arn:aws:iam::293955714039:root\"},\"Action\":\"sts:AssumeRole\"}]}",
            "create_date": "2022-02-03T13:07:48Z",
            "description": "",
            "force_detach_policies": false,
            "id": "s3-list-role",
            "inline_policy": [
              {
                "name": "",
                "policy": ""
              }
            ],
            "managed_policy_arns": [
              "arn:aws:iam::738087856818:policy/s3_list_all"
            ],
            "max_session_duration": 3600,
            "name": "s3-list-role",
            "name_prefix": "",
            "path": "/",
            "permissions_boundary": null,
            "tags": {},
            "tags_all": {},
            "unique_id": "AROA2XWLW5KZECXMCSBXZ"
          },
          "sensitive_attributes": [],
          "private": "bnVsbA==",
          "dependencies": [
            "data.aws_caller_identity.user1"
          ]
        }
      ]
    },
    {
      "mode": "managed",
      "type": "aws_iam_user",
      "name": "random",
      "provider": "provider[\"registry.terraform.io/hashicorp/aws\"]",
      "instances": [
        {
          "schema_version": 0,
          "attributes": {
            "arn": "arn:aws:iam::293955714039:user/random_user",
            "force_destroy": false,
            "id": "random_user",
            "name": "random_user",
            "path": "/",
            "permissions_boundary": null,
            "tags": {
              "name": "random"
            },
            "tags_all": {
              "name": "random"
            },
            "unique_id": "AIDAUI4JAHP3ZMOBFNA74"
          },
          "sensitive_attributes": [],
          "private": "bnVsbA=="
        }
      ]
    },
    {
      "mode": "managed",
      "type": "aws_iam_user_policy_attachment",
      "name": "user2_s3",
      "provider": "provider[\"registry.terraform.io/hashicorp/aws\"]",
      "instances": [
        {
          "schema_version": 0,
          "attributes": {
            "id": "random_user-20220203130759478400000001",
            "policy_arn": "arn:aws:iam::293955714039:policy/user2_s3",
            "user": "random_user"
          },
          "sensitive_attributes": [],
          "private": "bnVsbA==",
          "dependencies": [
            "aws_iam_policy.user2_s3",
            "aws_iam_role.user2_list_s3",
            "aws_iam_user.random",
            "data.aws_caller_identity.user1",
            "data.aws_caller_identity.user2"
          ]
        }
      ]
    }
  ]
}
